
Microsoft Visual Studio Solution File, Format Version 12.00
# Visual Studio 15
VisualStudioVersion = 15.0.27130.2027
MinimumVisualStudioVersion = 10.0.40219.1
Project("{FAE04EC0-301F-11D3-BF4B-00C04F79EFBC}") = "Breaking News", "Breaking News\Breaking News.csproj", "{2F56CC67-7E21-4A0C-A79D-F6265B5CD1CF}"
EndProject
Global
	GlobalSection(SolutionConfigurationPlatforms) = preSolution
		Debug|Any CPU = Debug|Any CPU
		Release|Any CPU = Release|Any CPU
	EndGlobalSection
	GlobalSection(ProjectConfigurationPlatforms) = postSolution
		{2F56CC67-7E21-4A0C-A79D-F6265B5CD1CF}.Debug|Any CPU.ActiveCfg = Debug|Any CPU
		{2F56CC67-7E21-4A0C-A79D-F6265B5CD1CF}.Debug|Any CPU.Build.0 = Debug|Any CPU
		{2F56CC67-7E21-4A0C-A79D-F6265B5CD1CF}.Release|Any CPU.ActiveCfg = Release|Any CPU
		{2F56CC67-7E21-4A0C-A79D-F6265B5CD1CF}.Release|Any CPU.Build.0 = Release|Any CPU
	EndGlobalSection
	GlobalSection(SolutionProperties) = preSolution
		HideSolutionNode = FALSE
	EndGlobalSection
	GlobalSection(ExtensibilityGlobals) = postSolution
		SolutionGuid = {C2FE9AAB-DEB7-4C7A-AC8E-841AA313CA68}
	EndGlobalSection
EndGlobal
